
Microsoft Visual Studio Solution File, Format Version 12.00
# Visual Studio Version 17
VisualStudioVersion = 17.2.32516.85
MinimumVisualStudioVersion = 10.0.40219.1
Project("{9A19103F-16F7-4668-BE54-9A1E7A4F7556}") = "TrlConsCs", "TrlConsCs\TrlConsCs.csproj", "{0B26DAEC-42E1-4331-A949-88F71E71D53C}"
EndProject
Project("{2150E333-8FDC-42A3-9474-1A3956D46DE8}") = "Элементы решения", "Элементы решения", "{5AAA71F1-F7BA-445D-9BE4-705C918EA8F8}"
EndProject
Global
	GlobalSection(SolutionConfigurationPlatforms) = preSolution
		Debug|Any CPU = Debug|Any CPU
		Release|Any CPU = Release|Any CPU
	EndGlobalSection
	GlobalSection(ProjectConfigurationPlatforms) = postSolution
		{0B26DAEC-42E1-4331-A949-88F71E71D53C}.Debug|Any CPU.ActiveCfg = Debug|Any CPU
		{0B26DAEC-42E1-4331-A949-88F71E71D53C}.Debug|Any CPU.Build.0 = Debug|Any CPU
		{0B26DAEC-42E1-4331-A949-88F71E71D53C}.Release|Any CPU.ActiveCfg = Release|Any CPU
		{0B26DAEC-42E1-4331-A949-88F71E71D53C}.Release|Any CPU.Build.0 = Release|Any CPU
	EndGlobalSection
	GlobalSection(SolutionProperties) = preSolution
		HideSolutionNode = FALSE
	EndGlobalSection
	GlobalSection(ExtensibilityGlobals) = postSolution
		SolutionGuid = {F1947BF3-2152-4076-B6EC-B127B8A6422F}
	EndGlobalSection
EndGlobal
